
Microsoft Visual Studio Solution File, Format Version 12.00
# Visual Studio Version 16
VisualStudioVersion = 16.0.31205.134
MinimumVisualStudioVersion = 10.0.40219.1
Project("{FAE04EC0-301F-11D3-BF4B-00C04F79EFBC}") = "BlazingShop.Server", "BlazingShop\Server\BlazingShop.Server.csproj", "{09ADABFC-EF2E-402D-81BF-46DCD39418EE}"
EndProject
Project("{FAE04EC0-301F-11D3-BF4B-00C04F79EFBC}") = "BlazingShop.Client", "BlazingShop\Client\BlazingShop.Client.csproj", "{C291A880-9C54-47AE-A8F4-6C5B575D448C}"
EndProject
Project("{FAE04EC0-301F-11D3-BF4B-00C04F79EFBC}") = "BlazingShop.Shared", "BlazingShop\Shared\BlazingShop.Shared.csproj", "{D1DF9A3C-5105-4934-9239-27246B683DAA}"
EndProject
Global
	GlobalSection(SolutionConfigurationPlatforms) = preSolution
		Debug|Any CPU = Debug|Any CPU
		Release|Any CPU = Release|Any CPU
	EndGlobalSection
	GlobalSection(ProjectConfigurationPlatforms) = postSolution
		{09ADABFC-EF2E-402D-81BF-46DCD39418EE}.Debug|Any CPU.ActiveCfg = Debug|Any CPU
		{09ADABFC-EF2E-402D-81BF-46DCD39418EE}.Debug|Any CPU.Build.0 = Debug|Any CPU
		{09ADABFC-EF2E-402D-81BF-46DCD39418EE}.Release|Any CPU.ActiveCfg = Release|Any CPU
		{09ADABFC-EF2E-402D-81BF-46DCD39418EE}.Release|Any CPU.Build.0 = Release|Any CPU
		{C291A880-9C54-47AE-A8F4-6C5B575D448C}.Debug|Any CPU.ActiveCfg = Debug|Any CPU
		{C291A880-9C54-47AE-A8F4-6C5B575D448C}.Debug|Any CPU.Build.0 = Debug|Any CPU
		{C291A880-9C54-47AE-A8F4-6C5B575D448C}.Release|Any CPU.ActiveCfg = Release|Any CPU
		{C291A880-9C54-47AE-A8F4-6C5B575D448C}.Release|Any CPU.Build.0 = Release|Any CPU
		{D1DF9A3C-5105-4934-9239-27246B683DAA}.Debug|Any CPU.ActiveCfg = Debug|Any CPU
		{D1DF9A3C-5105-4934-9239-27246B683DAA}.Debug|Any CPU.Build.0 = Debug|Any CPU
		{D1DF9A3C-5105-4934-9239-27246B683DAA}.Release|Any CPU.ActiveCfg = Release|Any CPU
		{D1DF9A3C-5105-4934-9239-27246B683DAA}.Release|Any CPU.Build.0 = Release|Any CPU
	EndGlobalSection
	GlobalSection(SolutionProperties) = preSolution
		HideSolutionNode = FALSE
	EndGlobalSection
	GlobalSection(ExtensibilityGlobals) = postSolution
		SolutionGuid = {A818F009-0F94-4C2B-981E-427893F0B3E0}
	EndGlobalSection
EndGlobal
